
Microsoft Visual Studio Solution File, Format Version 12.00
# Visual Studio 14
VisualStudioVersion = 14.0.25420.1
MinimumVisualStudioVersion = 10.0.40219.1
Project("{FAE04EC0-301F-11D3-BF4B-00C04F79EFBC}") = "Drone client WebAPI", "Drone client WebAPI\Drone client WebAPI.csproj", "{84243322-1B1E-4043-A961-A5F69FE37749}"
EndProject
Project("{FAE04EC0-301F-11D3-BF4B-00C04F79EFBC}") = "WebServer", "WebServer\WebServer.csproj", "{983F87FB-C880-4AFC-A3C6-966DC4DC1C04}"
EndProject
Project("{FAE04EC0-301F-11D3-BF4B-00C04F79EFBC}") = "PointLibrary Test", "PointLibrary Test\PointLibrary Test.csproj", "{CCD2181A-B0A2-4242-BA2D-5E01A54EBB95}"
EndProject
Project("{FAE04EC0-301F-11D3-BF4B-00C04F79EFBC}") = "Admin Client", "Admin Client\Admin Client.csproj", "{4725BE4D-42D5-4E06-857D-4D53CDA814A7}"
EndProject
Project("{FAE04EC0-301F-11D3-BF4B-00C04F79EFBC}") = "FBX converter", "FBX converter\FBX converter.csproj", "{5733367D-1195-4980-95A9-B8E46E1441B5}"
EndProject
Project("{FAE04EC0-301F-11D3-BF4B-00C04F79EFBC}") = "FBX converter Test", "FBX converter Test\FBX converter Test.csproj", "{C8F823FD-D7B9-417D-AEB9-E8842B9D555C}"
EndProject
Project("{FAE04EC0-301F-11D3-BF4B-00C04F79EFBC}") = "LibraryModels", "LibraryModels\LibraryModels.csproj", "{9FF78AF3-B4F1-4B84-8E66-7493C8FD9C47}"
EndProject
Project("{2150E333-8FDC-42A3-9474-1A3956D46DE8}") = "Web", "Web", "{B99926C1-5A5B-4706-AD6A-2C55A6912487}"
EndProject
Project("{2150E333-8FDC-42A3-9474-1A3956D46DE8}") = "Fbx-Ifc", "Fbx-Ifc", "{A1F0D1B1-2827-4692-A0C0-7BBA5BCC435E}"
EndProject
Project("{2150E333-8FDC-42A3-9474-1A3956D46DE8}") = "Tests", "Tests", "{6BA0E69A-81EF-4ECA-89EA-AEFC156B49AB}"
EndProject
Project("{2150E333-8FDC-42A3-9474-1A3956D46DE8}") = "Models", "Models", "{B91B268F-9ACC-43F6-BAE3-372E7FD1EF7F}"
EndProject
Project("{2150E333-8FDC-42A3-9474-1A3956D46DE8}") = "WCF", "WCF", "{D14DA4F0-3CB2-476B-93DD-97FD0C7285A3}"
EndProject
Project("{FAE04EC0-301F-11D3-BF4B-00C04F79EFBC}") = "DroneServiceClient", "DroneServiceClient\DroneServiceClient.csproj", "{7B2178BB-0131-4495-93A8-17BF0BD881A3}"
	ProjectSection(ProjectDependencies) = postProject
		{B8E91228-7801-48FD-A1E3-A7DF81198450} = {B8E91228-7801-48FD-A1E3-A7DF81198450}
	EndProjectSection
EndProject
Project("{FAE04EC0-301F-11D3-BF4B-00C04F79EFBC}") = "DroneWCF", "DroneWCF\DroneWCF.csproj", "{B8E91228-7801-48FD-A1E3-A7DF81198450}"
EndProject
Project("{FAE04EC0-301F-11D3-BF4B-00C04F79EFBC}") = "Models", "Models\Models.csproj", "{6A41816F-15EF-48C1-A514-882E47F35200}"
EndProject
Project("{FAE04EC0-301F-11D3-BF4B-00C04F79EFBC}") = "Utility", "Utility\Utility.csproj", "{BEEBB669-6557-44A2-A453-0954E86A5045}"
EndProject
Project("{FAE04EC0-301F-11D3-BF4B-00C04F79EFBC}") = "Utility Test", "Utility Test\Utility Test.csproj", "{F585E549-C421-460C-928F-E2BE038F78C0}"
EndProject
Project("{FAE04EC0-301F-11D3-BF4B-00C04F79EFBC}") = "AnalyzeFbx", "AnalyzeFbx\AnalyzeFbx.csproj", "{D9C55271-E776-4BCA-8A23-69139AFE227F}"
EndProject
Project("{FAE04EC0-301F-11D3-BF4B-00C04F79EFBC}") = "Comparison", "Comparison\Comparison.csproj", "{F2F1E107-A006-456F-82C4-24030DFB09D1}"
EndProject
Project("{FAE04EC0-301F-11D3-BF4B-00C04F79EFBC}") = "WebServerTest", "WebServerTest\WebServerTest.csproj", "{FD843770-9056-49AA-A0DC-7C9C295894AB}"
EndProject
Global
	GlobalSection(SolutionConfigurationPlatforms) = preSolution
		Debug|Any CPU = Debug|Any CPU
		Debug|x64 = Debug|x64
		Debug|x86 = Debug|x86
		DebugLocal|Any CPU = DebugLocal|Any CPU
		DebugLocal|x64 = DebugLocal|x64
		DebugLocal|x86 = DebugLocal|x86
		NugetDistribution|Any CPU = NugetDistribution|Any CPU
		NugetDistribution|x64 = NugetDistribution|x64
		NugetDistribution|x86 = NugetDistribution|x86
		Release|Any CPU = Release|Any CPU
		Release|x64 = Release|x64
		Release|x86 = Release|x86
	EndGlobalSection
	GlobalSection(ProjectConfigurationPlatforms) = postSolution
		{84243322-1B1E-4043-A961-A5F69FE37749}.Debug|Any CPU.ActiveCfg = Debug|Any CPU
		{84243322-1B1E-4043-A961-A5F69FE37749}.Debug|Any CPU.Build.0 = Debug|Any CPU
		{84243322-1B1E-4043-A961-A5F69FE37749}.Debug|x64.ActiveCfg = Debug|Any CPU
		{84243322-1B1E-4043-A961-A5F69FE37749}.Debug|x64.Build.0 = Debug|Any CPU
		{84243322-1B1E-4043-A961-A5F69FE37749}.Debug|x86.ActiveCfg = Debug|Any CPU
		{84243322-1B1E-4043-A961-A5F69FE37749}.Debug|x86.Build.0 = Debug|Any CPU
		{84243322-1B1E-4043-A961-A5F69FE37749}.DebugLocal|Any CPU.ActiveCfg = Debug|Any CPU
		{84243322-1B1E-4043-A961-A5F69FE37749}.DebugLocal|Any CPU.Build.0 = Debug|Any CPU
		{84243322-1B1E-4043-A961-A5F69FE37749}.DebugLocal|x64.ActiveCfg = Debug|Any CPU
		{84243322-1B1E-4043-A961-A5F69FE37749}.DebugLocal|x64.Build.0 = Debug|Any CPU
		{84243322-1B1E-4043-A961-A5F69FE37749}.DebugLocal|x86.ActiveCfg = Debug|Any CPU
		{84243322-1B1E-4043-A961-A5F69FE37749}.DebugLocal|x86.Build.0 = Debug|Any CPU
		{84243322-1B1E-4043-A961-A5F69FE37749}.NugetDistribution|Any CPU.ActiveCfg = Release|Any CPU
		{84243322-1B1E-4043-A961-A5F69FE37749}.NugetDistribution|Any CPU.Build.0 = Release|Any CPU
		{84243322-1B1E-4043-A961-A5F69FE37749}.NugetDistribution|x64.ActiveCfg = Release|Any CPU
		{84243322-1B1E-4043-A961-A5F69FE37749}.NugetDistribution|x64.Build.0 = Release|Any CPU
		{84243322-1B1E-4043-A961-A5F69FE37749}.NugetDistribution|x86.ActiveCfg = Release|Any CPU
		{84243322-1B1E-4043-A961-A5F69FE37749}.NugetDistribution|x86.Build.0 = Release|Any CPU
		{84243322-1B1E-4043-A961-A5F69FE37749}.Release|Any CPU.ActiveCfg = Release|Any CPU
		{84243322-1B1E-4043-A961-A5F69FE37749}.Release|Any CPU.Build.0 = Release|Any CPU
		{84243322-1B1E-4043-A961-A5F69FE37749}.Release|x64.ActiveCfg = Release|Any CPU
		{84243322-1B1E-4043-A961-A5F69FE37749}.Release|x64.Build.0 = Release|Any CPU
		{84243322-1B1E-4043-A961-A5F69FE37749}.Release|x86.ActiveCfg = Release|Any CPU
		{84243322-1B1E-4043-A961-A5F69FE37749}.Release|x86.Build.0 = Release|Any CPU
		{983F87FB-C880-4AFC-A3C6-966DC4DC1C04}.Debug|Any CPU.ActiveCfg = Debug|Any CPU
		{983F87FB-C880-4AFC-A3C6-966DC4DC1C04}.Debug|Any CPU.Build.0 = Debug|Any CPU
		{983F87FB-C880-4AFC-A3C6-966DC4DC1C04}.Debug|x64.ActiveCfg = Debug|Any CPU
		{983F87FB-C880-4AFC-A3C6-966DC4DC1C04}.Debug|x64.Build.0 = Debug|Any CPU
		{983F87FB-C880-4AFC-A3C6-966DC4DC1C04}.Debug|x86.ActiveCfg = Debug|Any CPU
		{983F87FB-C880-4AFC-A3C6-966DC4DC1C04}.Debug|x86.Build.0 = Debug|Any CPU
		{983F87FB-C880-4AFC-A3C6-966DC4DC1C04}.DebugLocal|Any CPU.ActiveCfg = Debug|Any CPU
		{983F87FB-C880-4AFC-A3C6-966DC4DC1C04}.DebugLocal|Any CPU.Build.0 = Debug|Any CPU
		{983F87FB-C880-4AFC-A3C6-966DC4DC1C04}.DebugLocal|x64.ActiveCfg = Debug|Any CPU
		{983F87FB-C880-4AFC-A3C6-966DC4DC1C04}.DebugLocal|x64.Build.0 = Debug|Any CPU
		{983F87FB-C880-4AFC-A3C6-966DC4DC1C04}.DebugLocal|x86.ActiveCfg = Debug|Any CPU
		{983F87FB-C880-4AFC-A3C6-966DC4DC1C04}.DebugLocal|x86.Build.0 = Debug|Any CPU
		{983F87FB-C880-4AFC-A3C6-966DC4DC1C04}.NugetDistribution|Any CPU.ActiveCfg = Release|Any CPU
		{983F87FB-C880-4AFC-A3C6-966DC4DC1C04}.NugetDistribution|Any CPU.Build.0 = Release|Any CPU
		{983F87FB-C880-4AFC-A3C6-966DC4DC1C04}.NugetDistribution|x64.ActiveCfg = Release|Any CPU
		{983F87FB-C880-4AFC-A3C6-966DC4DC1C04}.NugetDistribution|x64.Build.0 = Release|Any CPU
		{983F87FB-C880-4AFC-A3C6-966DC4DC1C04}.NugetDistribution|x86.ActiveCfg = Release|Any CPU
		{983F87FB-C880-4AFC-A3C6-966DC4DC1C04}.NugetDistribution|x86.Build.0 = Release|Any CPU
		{983F87FB-C880-4AFC-A3C6-966DC4DC1C04}.Release|Any CPU.ActiveCfg = Release|Any CPU
		{983F87FB-C880-4AFC-A3C6-966DC4DC1C04}.Release|Any CPU.Build.0 = Release|Any CPU
		{983F87FB-C880-4AFC-A3C6-966DC4DC1C04}.Release|x64.ActiveCfg = Release|Any CPU
		{983F87FB-C880-4AFC-A3C6-966DC4DC1C04}.Release|x64.Build.0 = Release|Any CPU
		{983F87FB-C880-4AFC-A3C6-966DC4DC1C04}.Release|x86.ActiveCfg = Release|Any CPU
		{983F87FB-C880-4AFC-A3C6-966DC4DC1C04}.Release|x86.Build.0 = Release|Any CPU
		{CCD2181A-B0A2-4242-BA2D-5E01A54EBB95}.Debug|Any CPU.ActiveCfg = Debug|Any CPU
		{CCD2181A-B0A2-4242-BA2D-5E01A54EBB95}.Debug|Any CPU.Build.0 = Debug|Any CPU
		{CCD2181A-B0A2-4242-BA2D-5E01A54EBB95}.Debug|x64.ActiveCfg = Debug|Any CPU
		{CCD2181A-B0A2-4242-BA2D-5E01A54EBB95}.Debug|x64.Build.0 = Debug|Any CPU
		{CCD2181A-B0A2-4242-BA2D-5E01A54EBB95}.Debug|x86.ActiveCfg = Debug|Any CPU
		{CCD2181A-B0A2-4242-BA2D-5E01A54EBB95}.Debug|x86.Build.0 = Debug|Any CPU
		{CCD2181A-B0A2-4242-BA2D-5E01A54EBB95}.DebugLocal|Any CPU.ActiveCfg = Debug|Any CPU
		{CCD2181A-B0A2-4242-BA2D-5E01A54EBB95}.DebugLocal|Any CPU.Build.0 = Debug|Any CPU
		{CCD2181A-B0A2-4242-BA2D-5E01A54EBB95}.DebugLocal|x64.ActiveCfg = Debug|Any CPU
		{CCD2181A-B0A2-4242-BA2D-5E01A54EBB95}.DebugLocal|x64.Build.0 = Debug|Any CPU
		{CCD2181A-B0A2-4242-BA2D-5E01A54EBB95}.DebugLocal|x86.ActiveCfg = Debug|Any CPU
		{CCD2181A-B0A2-4242-BA2D-5E01A54EBB95}.DebugLocal|x86.Build.0 = Debug|Any CPU
		{CCD2181A-B0A2-4242-BA2D-5E01A54EBB95}.NugetDistribution|Any CPU.ActiveCfg = Release|Any CPU
		{CCD2181A-B0A2-4242-BA2D-5E01A54EBB95}.NugetDistribution|Any CPU.Build.0 = Release|Any CPU
		{CCD2181A-B0A2-4242-BA2D-5E01A54EBB95}.NugetDistribution|x64.ActiveCfg = Release|Any CPU
		{CCD2181A-B0A2-4242-BA2D-5E01A54EBB95}.NugetDistribution|x64.Build.0 = Release|Any CPU
		{CCD2181A-B0A2-4242-BA2D-5E01A54EBB95}.NugetDistribution|x86.ActiveCfg = Release|Any CPU
		{CCD2181A-B0A2-4242-BA2D-5E01A54EBB95}.NugetDistribution|x86.Build.0 = Release|Any CPU
		{CCD2181A-B0A2-4242-BA2D-5E01A54EBB95}.Release|Any CPU.ActiveCfg = Release|Any CPU
		{CCD2181A-B0A2-4242-BA2D-5E01A54EBB95}.Release|Any CPU.Build.0 = Release|Any CPU
		{CCD2181A-B0A2-4242-BA2D-5E01A54EBB95}.Release|x64.ActiveCfg = Release|Any CPU
		{CCD2181A-B0A2-4242-BA2D-5E01A54EBB95}.Release|x64.Build.0 = Release|Any CPU
		{CCD2181A-B0A2-4242-BA2D-5E01A54EBB95}.Release|x86.ActiveCfg = Release|Any CPU
		{CCD2181A-B0A2-4242-BA2D-5E01A54EBB95}.Release|x86.Build.0 = Release|Any CPU
		{4725BE4D-42D5-4E06-857D-4D53CDA814A7}.Debug|Any CPU.ActiveCfg = Debug|Any CPU
		{4725BE4D-42D5-4E06-857D-4D53CDA814A7}.Debug|Any CPU.Build.0 = Debug|Any CPU
		{4725BE4D-42D5-4E06-857D-4D53CDA814A7}.Debug|x64.ActiveCfg = Debug|Any CPU
		{4725BE4D-42D5-4E06-857D-4D53CDA814A7}.Debug|x64.Build.0 = Debug|Any CPU
		{4725BE4D-42D5-4E06-857D-4D53CDA814A7}.Debug|x86.ActiveCfg = Debug|Any CPU
		{4725BE4D-42D5-4E06-857D-4D53CDA814A7}.Debug|x86.Build.0 = Debug|Any CPU
		{4725BE4D-42D5-4E06-857D-4D53CDA814A7}.DebugLocal|Any CPU.ActiveCfg = Debug|Any CPU
		{4725BE4D-42D5-4E06-857D-4D53CDA814A7}.DebugLocal|Any CPU.Build.0 = Debug|Any CPU
		{4725BE4D-42D5-4E06-857D-4D53CDA814A7}.DebugLocal|x64.ActiveCfg = Debug|Any CPU
		{4725BE4D-42D5-4E06-857D-4D53CDA814A7}.DebugLocal|x64.Build.0 = Debug|Any CPU
		{4725BE4D-42D5-4E06-857D-4D53CDA814A7}.DebugLocal|x86.ActiveCfg = Debug|Any CPU
		{4725BE4D-42D5-4E06-857D-4D53CDA814A7}.DebugLocal|x86.Build.0 = Debug|Any CPU
		{4725BE4D-42D5-4E06-857D-4D53CDA814A7}.NugetDistribution|Any CPU.ActiveCfg = Release|Any CPU
		{4725BE4D-42D5-4E06-857D-4D53CDA814A7}.NugetDistribution|Any CPU.Build.0 = Release|Any CPU
		{4725BE4D-42D5-4E06-857D-4D53CDA814A7}.NugetDistribution|x64.ActiveCfg = Release|Any CPU
		{4725BE4D-42D5-4E06-857D-4D53CDA814A7}.NugetDistribution|x64.Build.0 = Release|Any CPU
		{4725BE4D-42D5-4E06-857D-4D53CDA814A7}.NugetDistribution|x86.ActiveCfg = Release|Any CPU
		{4725BE4D-42D5-4E06-857D-4D53CDA814A7}.NugetDistribution|x86.Build.0 = Release|Any CPU
		{4725BE4D-42D5-4E06-857D-4D53CDA814A7}.Release|Any CPU.ActiveCfg = Release|Any CPU
		{4725BE4D-42D5-4E06-857D-4D53CDA814A7}.Release|Any CPU.Build.0 = Release|Any CPU
		{4725BE4D-42D5-4E06-857D-4D53CDA814A7}.Release|x64.ActiveCfg = Release|Any CPU
		{4725BE4D-42D5-4E06-857D-4D53CDA814A7}.Release|x64.Build.0 = Release|Any CPU
		{4725BE4D-42D5-4E06-857D-4D53CDA814A7}.Release|x86.ActiveCfg = Release|Any CPU
		{4725BE4D-42D5-4E06-857D-4D53CDA814A7}.Release|x86.Build.0 = Release|Any CPU
		{5733367D-1195-4980-95A9-B8E46E1441B5}.Debug|Any CPU.ActiveCfg = Debug|Any CPU
		{5733367D-1195-4980-95A9-B8E46E1441B5}.Debug|Any CPU.Build.0 = Debug|Any CPU
		{5733367D-1195-4980-95A9-B8E46E1441B5}.Debug|x64.ActiveCfg = Debug|Any CPU
		{5733367D-1195-4980-95A9-B8E46E1441B5}.Debug|x64.Build.0 = Debug|Any CPU
		{5733367D-1195-4980-95A9-B8E46E1441B5}.Debug|x86.ActiveCfg = Debug|Any CPU
		{5733367D-1195-4980-95A9-B8E46E1441B5}.Debug|x86.Build.0 = Debug|Any CPU
		{5733367D-1195-4980-95A9-B8E46E1441B5}.DebugLocal|Any CPU.ActiveCfg = Debug|Any CPU
		{5733367D-1195-4980-95A9-B8E46E1441B5}.DebugLocal|Any CPU.Build.0 = Debug|Any CPU
		{5733367D-1195-4980-95A9-B8E46E1441B5}.DebugLocal|x64.ActiveCfg = Debug|Any CPU
		{5733367D-1195-4980-95A9-B8E46E1441B5}.DebugLocal|x64.Build.0 = Debug|Any CPU
		{5733367D-1195-4980-95A9-B8E46E1441B5}.DebugLocal|x86.ActiveCfg = Debug|Any CPU
		{5733367D-1195-4980-95A9-B8E46E1441B5}.DebugLocal|x86.Build.0 = Debug|Any CPU
		{5733367D-1195-4980-95A9-B8E46E1441B5}.NugetDistribution|Any CPU.ActiveCfg = Release|Any CPU
		{5733367D-1195-4980-95A9-B8E46E1441B5}.NugetDistribution|Any CPU.Build.0 = Release|Any CPU
		{5733367D-1195-4980-95A9-B8E46E1441B5}.NugetDistribution|x64.ActiveCfg = Release|Any CPU
		{5733367D-1195-4980-95A9-B8E46E1441B5}.NugetDistribution|x64.Build.0 = Release|Any CPU
		{5733367D-1195-4980-95A9-B8E46E1441B5}.NugetDistribution|x86.ActiveCfg = Release|Any CPU
		{5733367D-1195-4980-95A9-B8E46E1441B5}.NugetDistribution|x86.Build.0 = Release|Any CPU
		{5733367D-1195-4980-95A9-B8E46E1441B5}.Release|Any CPU.ActiveCfg = Release|Any CPU
		{5733367D-1195-4980-95A9-B8E46E1441B5}.Release|Any CPU.Build.0 = Release|Any CPU
		{5733367D-1195-4980-95A9-B8E46E1441B5}.Release|x64.ActiveCfg = Release|Any CPU
		{5733367D-1195-4980-95A9-B8E46E1441B5}.Release|x64.Build.0 = Release|Any CPU
		{5733367D-1195-4980-95A9-B8E46E1441B5}.Release|x86.ActiveCfg = Release|Any CPU
		{5733367D-1195-4980-95A9-B8E46E1441B5}.Release|x86.Build.0 = Release|Any CPU
		{C8F823FD-D7B9-417D-AEB9-E8842B9D555C}.Debug|Any CPU.ActiveCfg = Debug|Any CPU
		{C8F823FD-D7B9-417D-AEB9-E8842B9D555C}.Debug|Any CPU.Build.0 = Debug|Any CPU
		{C8F823FD-D7B9-417D-AEB9-E8842B9D555C}.Debug|x64.ActiveCfg = Debug|Any CPU
		{C8F823FD-D7B9-417D-AEB9-E8842B9D555C}.Debug|x64.Build.0 = Debug|Any CPU
		{C8F823FD-D7B9-417D-AEB9-E8842B9D555C}.Debug|x86.ActiveCfg = Debug|Any CPU
		{C8F823FD-D7B9-417D-AEB9-E8842B9D555C}.Debug|x86.Build.0 = Debug|Any CPU
		{C8F823FD-D7B9-417D-AEB9-E8842B9D555C}.DebugLocal|Any CPU.ActiveCfg = Debug|Any CPU
		{C8F823FD-D7B9-417D-AEB9-E8842B9D555C}.DebugLocal|Any CPU.Build.0 = Debug|Any CPU
		{C8F823FD-D7B9-417D-AEB9-E8842B9D555C}.DebugLocal|x64.ActiveCfg = Debug|Any CPU
		{C8F823FD-D7B9-417D-AEB9-E8842B9D555C}.DebugLocal|x64.Build.0 = Debug|Any CPU
		{C8F823FD-D7B9-417D-AEB9-E8842B9D555C}.DebugLocal|x86.ActiveCfg = Debug|Any CPU
		{C8F823FD-D7B9-417D-AEB9-E8842B9D555C}.DebugLocal|x86.Build.0 = Debug|Any CPU
		{C8F823FD-D7B9-417D-AEB9-E8842B9D555C}.NugetDistribution|Any CPU.ActiveCfg = Release|Any CPU
		{C8F823FD-D7B9-417D-AEB9-E8842B9D555C}.NugetDistribution|Any CPU.Build.0 = Release|Any CPU
		{C8F823FD-D7B9-417D-AEB9-E8842B9D555C}.NugetDistribution|x64.ActiveCfg = Release|Any CPU
		{C8F823FD-D7B9-417D-AEB9-E8842B9D555C}.NugetDistribution|x64.Build.0 = Release|Any CPU
		{C8F823FD-D7B9-417D-AEB9-E8842B9D555C}.NugetDistribution|x86.ActiveCfg = Release|Any CPU
		{C8F823FD-D7B9-417D-AEB9-E8842B9D555C}.NugetDistribution|x86.Build.0 = Release|Any CPU
		{C8F823FD-D7B9-417D-AEB9-E8842B9D555C}.Release|Any CPU.ActiveCfg = Release|Any CPU
		{C8F823FD-D7B9-417D-AEB9-E8842B9D555C}.Release|Any CPU.Build.0 = Release|Any CPU
		{C8F823FD-D7B9-417D-AEB9-E8842B9D555C}.Release|x64.ActiveCfg = Release|Any CPU
		{C8F823FD-D7B9-417D-AEB9-E8842B9D555C}.Release|x64.Build.0 = Release|Any CPU
		{C8F823FD-D7B9-417D-AEB9-E8842B9D555C}.Release|x86.ActiveCfg = Release|Any CPU
		{C8F823FD-D7B9-417D-AEB9-E8842B9D555C}.Release|x86.Build.0 = Release|Any CPU
		{9FF78AF3-B4F1-4B84-8E66-7493C8FD9C47}.Debug|Any CPU.ActiveCfg = Debug|Any CPU
		{9FF78AF3-B4F1-4B84-8E66-7493C8FD9C47}.Debug|Any CPU.Build.0 = Debug|Any CPU
		{9FF78AF3-B4F1-4B84-8E66-7493C8FD9C47}.Debug|x64.ActiveCfg = Debug|Any CPU
		{9FF78AF3-B4F1-4B84-8E66-7493C8FD9C47}.Debug|x64.Build.0 = Debug|Any CPU
		{9FF78AF3-B4F1-4B84-8E66-7493C8FD9C47}.Debug|x86.ActiveCfg = Debug|Any CPU
		{9FF78AF3-B4F1-4B84-8E66-7493C8FD9C47}.Debug|x86.Build.0 = Debug|Any CPU
		{9FF78AF3-B4F1-4B84-8E66-7493C8FD9C47}.DebugLocal|Any CPU.ActiveCfg = Debug|Any CPU
		{9FF78AF3-B4F1-4B84-8E66-7493C8FD9C47}.DebugLocal|Any CPU.Build.0 = Debug|Any CPU
		{9FF78AF3-B4F1-4B84-8E66-7493C8FD9C47}.DebugLocal|x64.ActiveCfg = Debug|Any CPU
		{9FF78AF3-B4F1-4B84-8E66-7493C8FD9C47}.DebugLocal|x64.Build.0 = Debug|Any CPU
		{9FF78AF3-B4F1-4B84-8E66-7493C8FD9C47}.DebugLocal|x86.ActiveCfg = Debug|Any CPU
		{9FF78AF3-B4F1-4B84-8E66-7493C8FD9C47}.DebugLocal|x86.Build.0 = Debug|Any CPU
		{9FF78AF3-B4F1-4B84-8E66-7493C8FD9C47}.NugetDistribution|Any CPU.ActiveCfg = Release|Any CPU
		{9FF78AF3-B4F1-4B84-8E66-7493C8FD9C47}.NugetDistribution|Any CPU.Build.0 = Release|Any CPU
		{9FF78AF3-B4F1-4B84-8E66-7493C8FD9C47}.NugetDistribution|x64.ActiveCfg = Release|Any CPU
		{9FF78AF3-B4F1-4B84-8E66-7493C8FD9C47}.NugetDistribution|x64.Build.0 = Release|Any CPU
		{9FF78AF3-B4F1-4B84-8E66-7493C8FD9C47}.NugetDistribution|x86.ActiveCfg = Release|Any CPU
		{9FF78AF3-B4F1-4B84-8E66-7493C8FD9C47}.NugetDistribution|x86.Build.0 = Release|Any CPU
		{9FF78AF3-B4F1-4B84-8E66-7493C8FD9C47}.Release|Any CPU.ActiveCfg = Release|Any CPU
		{9FF78AF3-B4F1-4B84-8E66-7493C8FD9C47}.Release|Any CPU.Build.0 = Release|Any CPU
		{9FF78AF3-B4F1-4B84-8E66-7493C8FD9C47}.Release|x64.ActiveCfg = Release|Any CPU
		{9FF78AF3-B4F1-4B84-8E66-7493C8FD9C47}.Release|x64.Build.0 = Release|Any CPU
		{9FF78AF3-B4F1-4B84-8E66-7493C8FD9C47}.Release|x86.ActiveCfg = Release|Any CPU
		{9FF78AF3-B4F1-4B84-8E66-7493C8FD9C47}.Release|x86.Build.0 = Release|Any CPU
		{7B2178BB-0131-4495-93A8-17BF0BD881A3}.Debug|Any CPU.ActiveCfg = Debug|Any CPU
		{7B2178BB-0131-4495-93A8-17BF0BD881A3}.Debug|Any CPU.Build.0 = Debug|Any CPU
		{7B2178BB-0131-4495-93A8-17BF0BD881A3}.Debug|x64.ActiveCfg = Debug|Any CPU
		{7B2178BB-0131-4495-93A8-17BF0BD881A3}.Debug|x64.Build.0 = Debug|Any CPU
		{7B2178BB-0131-4495-93A8-17BF0BD881A3}.Debug|x86.ActiveCfg = Debug|Any CPU
		{7B2178BB-0131-4495-93A8-17BF0BD881A3}.Debug|x86.Build.0 = Debug|Any CPU
		{7B2178BB-0131-4495-93A8-17BF0BD881A3}.DebugLocal|Any CPU.ActiveCfg = Debug|Any CPU
		{7B2178BB-0131-4495-93A8-17BF0BD881A3}.DebugLocal|Any CPU.Build.0 = Debug|Any CPU
		{7B2178BB-0131-4495-93A8-17BF0BD881A3}.DebugLocal|x64.ActiveCfg = Debug|Any CPU
		{7B2178BB-0131-4495-93A8-17BF0BD881A3}.DebugLocal|x64.Build.0 = Debug|Any CPU
		{7B2178BB-0131-4495-93A8-17BF0BD881A3}.DebugLocal|x86.ActiveCfg = Debug|Any CPU
		{7B2178BB-0131-4495-93A8-17BF0BD881A3}.DebugLocal|x86.Build.0 = Debug|Any CPU
		{7B2178BB-0131-4495-93A8-17BF0BD881A3}.NugetDistribution|Any CPU.ActiveCfg = Release|Any CPU
		{7B2178BB-0131-4495-93A8-17BF0BD881A3}.NugetDistribution|Any CPU.Build.0 = Release|Any CPU
		{7B2178BB-0131-4495-93A8-17BF0BD881A3}.NugetDistribution|x64.ActiveCfg = Release|Any CPU
		{7B2178BB-0131-4495-93A8-17BF0BD881A3}.NugetDistribution|x64.Build.0 = Release|Any CPU
		{7B2178BB-0131-4495-93A8-17BF0BD881A3}.NugetDistribution|x86.ActiveCfg = Release|Any CPU
		{7B2178BB-0131-4495-93A8-17BF0BD881A3}.NugetDistribution|x86.Build.0 = Release|Any CPU
		{7B2178BB-0131-4495-93A8-17BF0BD881A3}.Release|Any CPU.ActiveCfg = Release|Any CPU
		{7B2178BB-0131-4495-93A8-17BF0BD881A3}.Release|Any CPU.Build.0 = Release|Any CPU
		{7B2178BB-0131-4495-93A8-17BF0BD881A3}.Release|x64.ActiveCfg = Release|Any CPU
		{7B2178BB-0131-4495-93A8-17BF0BD881A3}.Release|x64.Build.0 = Release|Any CPU
		{7B2178BB-0131-4495-93A8-17BF0BD881A3}.Release|x86.ActiveCfg = Release|Any CPU
		{7B2178BB-0131-4495-93A8-17BF0BD881A3}.Release|x86.Build.0 = Release|Any CPU
		{B8E91228-7801-48FD-A1E3-A7DF81198450}.Debug|Any CPU.ActiveCfg = Debug|Any CPU
		{B8E91228-7801-48FD-A1E3-A7DF81198450}.Debug|Any CPU.Build.0 = Debug|Any CPU
		{B8E91228-7801-48FD-A1E3-A7DF81198450}.Debug|x64.ActiveCfg = Debug|Any CPU
		{B8E91228-7801-48FD-A1E3-A7DF81198450}.Debug|x64.Build.0 = Debug|Any CPU
		{B8E91228-7801-48FD-A1E3-A7DF81198450}.Debug|x86.ActiveCfg = Debug|Any CPU
		{B8E91228-7801-48FD-A1E3-A7DF81198450}.Debug|x86.Build.0 = Debug|Any CPU
		{B8E91228-7801-48FD-A1E3-A7DF81198450}.DebugLocal|Any CPU.ActiveCfg = Debug|Any CPU
		{B8E91228-7801-48FD-A1E3-A7DF81198450}.DebugLocal|Any CPU.Build.0 = Debug|Any CPU
		{B8E91228-7801-48FD-A1E3-A7DF81198450}.DebugLocal|x64.ActiveCfg = Debug|Any CPU
		{B8E91228-7801-48FD-A1E3-A7DF81198450}.DebugLocal|x64.Build.0 = Debug|Any CPU
		{B8E91228-7801-48FD-A1E3-A7DF81198450}.DebugLocal|x86.ActiveCfg = Debug|Any CPU
		{B8E91228-7801-48FD-A1E3-A7DF81198450}.DebugLocal|x86.Build.0 = Debug|Any CPU
		{B8E91228-7801-48FD-A1E3-A7DF81198450}.NugetDistribution|Any CPU.ActiveCfg = Release|Any CPU
		{B8E91228-7801-48FD-A1E3-A7DF81198450}.NugetDistribution|Any CPU.Build.0 = Release|Any CPU
		{B8E91228-7801-48FD-A1E3-A7DF81198450}.NugetDistribution|x64.ActiveCfg = Release|Any CPU
		{B8E91228-7801-48FD-A1E3-A7DF81198450}.NugetDistribution|x64.Build.0 = Release|Any CPU
		{B8E91228-7801-48FD-A1E3-A7DF81198450}.NugetDistribution|x86.ActiveCfg = Release|Any CPU
		{B8E91228-7801-48FD-A1E3-A7DF81198450}.NugetDistribution|x86.Build.0 = Release|Any CPU
		{B8E91228-7801-48FD-A1E3-A7DF81198450}.Release|Any CPU.ActiveCfg = Release|Any CPU
		{B8E91228-7801-48FD-A1E3-A7DF81198450}.Release|Any CPU.Build.0 = Release|Any CPU
		{B8E91228-7801-48FD-A1E3-A7DF81198450}.Release|x64.ActiveCfg = Release|Any CPU
		{B8E91228-7801-48FD-A1E3-A7DF81198450}.Release|x64.Build.0 = Release|Any CPU
		{B8E91228-7801-48FD-A1E3-A7DF81198450}.Release|x86.ActiveCfg = Release|Any CPU
		{B8E91228-7801-48FD-A1E3-A7DF81198450}.Release|x86.Build.0 = Release|Any CPU
		{6A41816F-15EF-48C1-A514-882E47F35200}.Debug|Any CPU.ActiveCfg = Debug|Any CPU
		{6A41816F-15EF-48C1-A514-882E47F35200}.Debug|Any CPU.Build.0 = Debug|Any CPU
		{6A41816F-15EF-48C1-A514-882E47F35200}.Debug|x64.ActiveCfg = Debug|Any CPU
		{6A41816F-15EF-48C1-A514-882E47F35200}.Debug|x64.Build.0 = Debug|Any CPU
		{6A41816F-15EF-48C1-A514-882E47F35200}.Debug|x86.ActiveCfg = Debug|Any CPU
		{6A41816F-15EF-48C1-A514-882E47F35200}.Debug|x86.Build.0 = Debug|Any CPU
		{6A41816F-15EF-48C1-A514-882E47F35200}.DebugLocal|Any CPU.ActiveCfg = Debug|Any CPU
		{6A41816F-15EF-48C1-A514-882E47F35200}.DebugLocal|Any CPU.Build.0 = Debug|Any CPU
		{6A41816F-15EF-48C1-A514-882E47F35200}.DebugLocal|x64.ActiveCfg = Debug|Any CPU
		{6A41816F-15EF-48C1-A514-882E47F35200}.DebugLocal|x64.Build.0 = Debug|Any CPU
		{6A41816F-15EF-48C1-A514-882E47F35200}.DebugLocal|x86.ActiveCfg = Debug|Any CPU
		{6A41816F-15EF-48C1-A514-882E47F35200}.DebugLocal|x86.Build.0 = Debug|Any CPU
		{6A41816F-15EF-48C1-A514-882E47F35200}.NugetDistribution|Any CPU.ActiveCfg = Release|Any CPU
		{6A41816F-15EF-48C1-A514-882E47F35200}.NugetDistribution|Any CPU.Build.0 = Release|Any CPU
		{6A41816F-15EF-48C1-A514-882E47F35200}.NugetDistribution|x64.ActiveCfg = Release|Any CPU
		{6A41816F-15EF-48C1-A514-882E47F35200}.NugetDistribution|x64.Build.0 = Release|Any CPU
		{6A41816F-15EF-48C1-A514-882E47F35200}.NugetDistribution|x86.ActiveCfg = Release|Any CPU
		{6A41816F-15EF-48C1-A514-882E47F35200}.NugetDistribution|x86.Build.0 = Release|Any CPU
		{6A41816F-15EF-48C1-A514-882E47F35200}.Release|Any CPU.ActiveCfg = Release|Any CPU
		{6A41816F-15EF-48C1-A514-882E47F35200}.Release|Any CPU.Build.0 = Release|Any CPU
		{6A41816F-15EF-48C1-A514-882E47F35200}.Release|x64.ActiveCfg = Release|Any CPU
		{6A41816F-15EF-48C1-A514-882E47F35200}.Release|x64.Build.0 = Release|Any CPU
		{6A41816F-15EF-48C1-A514-882E47F35200}.Release|x86.ActiveCfg = Release|Any CPU
		{6A41816F-15EF-48C1-A514-882E47F35200}.Release|x86.Build.0 = Release|Any CPU
		{BEEBB669-6557-44A2-A453-0954E86A5045}.Debug|Any CPU.ActiveCfg = Debug|Any CPU
		{BEEBB669-6557-44A2-A453-0954E86A5045}.Debug|Any CPU.Build.0 = Debug|Any CPU
		{BEEBB669-6557-44A2-A453-0954E86A5045}.Debug|x64.ActiveCfg = Debug|Any CPU
		{BEEBB669-6557-44A2-A453-0954E86A5045}.Debug|x64.Build.0 = Debug|Any CPU
		{BEEBB669-6557-44A2-A453-0954E86A5045}.Debug|x86.ActiveCfg = Debug|Any CPU
		{BEEBB669-6557-44A2-A453-0954E86A5045}.Debug|x86.Build.0 = Debug|Any CPU
		{BEEBB669-6557-44A2-A453-0954E86A5045}.DebugLocal|Any CPU.ActiveCfg = Debug|Any CPU
		{BEEBB669-6557-44A2-A453-0954E86A5045}.DebugLocal|Any CPU.Build.0 = Debug|Any CPU
		{BEEBB669-6557-44A2-A453-0954E86A5045}.DebugLocal|x64.ActiveCfg = Debug|Any CPU
		{BEEBB669-6557-44A2-A453-0954E86A5045}.DebugLocal|x64.Build.0 = Debug|Any CPU
		{BEEBB669-6557-44A2-A453-0954E86A5045}.DebugLocal|x86.ActiveCfg = Debug|Any CPU
		{BEEBB669-6557-44A2-A453-0954E86A5045}.DebugLocal|x86.Build.0 = Debug|Any CPU
		{BEEBB669-6557-44A2-A453-0954E86A5045}.NugetDistribution|Any CPU.ActiveCfg = Release|Any CPU
		{BEEBB669-6557-44A2-A453-0954E86A5045}.NugetDistribution|Any CPU.Build.0 = Release|Any CPU
		{BEEBB669-6557-44A2-A453-0954E86A5045}.NugetDistribution|x64.ActiveCfg = Release|Any CPU
		{BEEBB669-6557-44A2-A453-0954E86A5045}.NugetDistribution|x64.Build.0 = Release|Any CPU
		{BEEBB669-6557-44A2-A453-0954E86A5045}.NugetDistribution|x86.ActiveCfg = Release|Any CPU
		{BEEBB669-6557-44A2-A453-0954E86A5045}.NugetDistribution|x86.Build.0 = Release|Any CPU
		{BEEBB669-6557-44A2-A453-0954E86A5045}.Release|Any CPU.ActiveCfg = Release|Any CPU
		{BEEBB669-6557-44A2-A453-0954E86A5045}.Release|Any CPU.Build.0 = Release|Any CPU
		{BEEBB669-6557-44A2-A453-0954E86A5045}.Release|x64.ActiveCfg = Release|Any CPU
		{BEEBB669-6557-44A2-A453-0954E86A5045}.Release|x64.Build.0 = Release|Any CPU
		{BEEBB669-6557-44A2-A453-0954E86A5045}.Release|x86.ActiveCfg = Release|Any CPU
		{BEEBB669-6557-44A2-A453-0954E86A5045}.Release|x86.Build.0 = Release|Any CPU
		{F585E549-C421-460C-928F-E2BE038F78C0}.Debug|Any CPU.ActiveCfg = Debug|Any CPU
		{F585E549-C421-460C-928F-E2BE038F78C0}.Debug|Any CPU.Build.0 = Debug|Any CPU
		{F585E549-C421-460C-928F-E2BE038F78C0}.Debug|x64.ActiveCfg = Debug|Any CPU
		{F585E549-C421-460C-928F-E2BE038F78C0}.Debug|x64.Build.0 = Debug|Any CPU
		{F585E549-C421-460C-928F-E2BE038F78C0}.Debug|x86.ActiveCfg = Debug|Any CPU
		{F585E549-C421-460C-928F-E2BE038F78C0}.Debug|x86.Build.0 = Debug|Any CPU
		{F585E549-C421-460C-928F-E2BE038F78C0}.DebugLocal|Any CPU.ActiveCfg = Debug|Any CPU
		{F585E549-C421-460C-928F-E2BE038F78C0}.DebugLocal|Any CPU.Build.0 = Debug|Any CPU
		{F585E549-C421-460C-928F-E2BE038F78C0}.DebugLocal|x64.ActiveCfg = Debug|Any CPU
		{F585E549-C421-460C-928F-E2BE038F78C0}.DebugLocal|x64.Build.0 = Debug|Any CPU
		{F585E549-C421-460C-928F-E2BE038F78C0}.DebugLocal|x86.ActiveCfg = Debug|Any CPU
		{F585E549-C421-460C-928F-E2BE038F78C0}.DebugLocal|x86.Build.0 = Debug|Any CPU
		{F585E549-C421-460C-928F-E2BE038F78C0}.NugetDistribution|Any CPU.ActiveCfg = Release|Any CPU
		{F585E549-C421-460C-928F-E2BE038F78C0}.NugetDistribution|Any CPU.Build.0 = Release|Any CPU
		{F585E549-C421-460C-928F-E2BE038F78C0}.NugetDistribution|x64.ActiveCfg = Release|Any CPU
		{F585E549-C421-460C-928F-E2BE038F78C0}.NugetDistribution|x64.Build.0 = Release|Any CPU
		{F585E549-C421-460C-928F-E2BE038F78C0}.NugetDistribution|x86.ActiveCfg = Release|Any CPU
		{F585E549-C421-460C-928F-E2BE038F78C0}.NugetDistribution|x86.Build.0 = Release|Any CPU
		{F585E549-C421-460C-928F-E2BE038F78C0}.Release|Any CPU.ActiveCfg = Release|Any CPU
		{F585E549-C421-460C-928F-E2BE038F78C0}.Release|Any CPU.Build.0 = Release|Any CPU
		{F585E549-C421-460C-928F-E2BE038F78C0}.Release|x64.ActiveCfg = Release|Any CPU
		{F585E549-C421-460C-928F-E2BE038F78C0}.Release|x64.Build.0 = Release|Any CPU
		{F585E549-C421-460C-928F-E2BE038F78C0}.Release|x86.ActiveCfg = Release|Any CPU
		{F585E549-C421-460C-928F-E2BE038F78C0}.Release|x86.Build.0 = Release|Any CPU
		{D9C55271-E776-4BCA-8A23-69139AFE227F}.Debug|Any CPU.ActiveCfg = Debug|Any CPU
		{D9C55271-E776-4BCA-8A23-69139AFE227F}.Debug|Any CPU.Build.0 = Debug|Any CPU
		{D9C55271-E776-4BCA-8A23-69139AFE227F}.Debug|x64.ActiveCfg = Debug|Any CPU
		{D9C55271-E776-4BCA-8A23-69139AFE227F}.Debug|x64.Build.0 = Debug|Any CPU
		{D9C55271-E776-4BCA-8A23-69139AFE227F}.Debug|x86.ActiveCfg = Debug|Any CPU
		{D9C55271-E776-4BCA-8A23-69139AFE227F}.Debug|x86.Build.0 = Debug|Any CPU
		{D9C55271-E776-4BCA-8A23-69139AFE227F}.DebugLocal|Any CPU.ActiveCfg = Debug|Any CPU
		{D9C55271-E776-4BCA-8A23-69139AFE227F}.DebugLocal|Any CPU.Build.0 = Debug|Any CPU
		{D9C55271-E776-4BCA-8A23-69139AFE227F}.DebugLocal|x64.ActiveCfg = Debug|Any CPU
		{D9C55271-E776-4BCA-8A23-69139AFE227F}.DebugLocal|x64.Build.0 = Debug|Any CPU
		{D9C55271-E776-4BCA-8A23-69139AFE227F}.DebugLocal|x86.ActiveCfg = Debug|Any CPU
		{D9C55271-E776-4BCA-8A23-69139AFE227F}.DebugLocal|x86.Build.0 = Debug|Any CPU
		{D9C55271-E776-4BCA-8A23-69139AFE227F}.NugetDistribution|Any CPU.ActiveCfg = Release|Any CPU
		{D9C55271-E776-4BCA-8A23-69139AFE227F}.NugetDistribution|Any CPU.Build.0 = Release|Any CPU
		{D9C55271-E776-4BCA-8A23-69139AFE227F}.NugetDistribution|x64.ActiveCfg = Release|Any CPU
		{D9C55271-E776-4BCA-8A23-69139AFE227F}.NugetDistribution|x64.Build.0 = Release|Any CPU
		{D9C55271-E776-4BCA-8A23-69139AFE227F}.NugetDistribution|x86.ActiveCfg = Release|Any CPU
		{D9C55271-E776-4BCA-8A23-69139AFE227F}.NugetDistribution|x86.Build.0 = Release|Any CPU
		{D9C55271-E776-4BCA-8A23-69139AFE227F}.Release|Any CPU.ActiveCfg = Release|Any CPU
		{D9C55271-E776-4BCA-8A23-69139AFE227F}.Release|Any CPU.Build.0 = Release|Any CPU
		{D9C55271-E776-4BCA-8A23-69139AFE227F}.Release|x64.ActiveCfg = Release|Any CPU
		{D9C55271-E776-4BCA-8A23-69139AFE227F}.Release|x64.Build.0 = Release|Any CPU
		{D9C55271-E776-4BCA-8A23-69139AFE227F}.Release|x86.ActiveCfg = Release|Any CPU
		{D9C55271-E776-4BCA-8A23-69139AFE227F}.Release|x86.Build.0 = Release|Any CPU
		{F2F1E107-A006-456F-82C4-24030DFB09D1}.Debug|Any CPU.ActiveCfg = Debug|Any CPU
		{F2F1E107-A006-456F-82C4-24030DFB09D1}.Debug|Any CPU.Build.0 = Debug|Any CPU
		{F2F1E107-A006-456F-82C4-24030DFB09D1}.Debug|x64.ActiveCfg = Debug|Any CPU
		{F2F1E107-A006-456F-82C4-24030DFB09D1}.Debug|x64.Build.0 = Debug|Any CPU
		{F2F1E107-A006-456F-82C4-24030DFB09D1}.Debug|x86.ActiveCfg = Debug|Any CPU
		{F2F1E107-A006-456F-82C4-24030DFB09D1}.Debug|x86.Build.0 = Debug|Any CPU
		{F2F1E107-A006-456F-82C4-24030DFB09D1}.DebugLocal|Any CPU.ActiveCfg = Debug|Any CPU
		{F2F1E107-A006-456F-82C4-24030DFB09D1}.DebugLocal|Any CPU.Build.0 = Debug|Any CPU
		{F2F1E107-A006-456F-82C4-24030DFB09D1}.DebugLocal|x64.ActiveCfg = Debug|Any CPU
		{F2F1E107-A006-456F-82C4-24030DFB09D1}.DebugLocal|x64.Build.0 = Debug|Any CPU
		{F2F1E107-A006-456F-82C4-24030DFB09D1}.DebugLocal|x86.ActiveCfg = Debug|Any CPU
		{F2F1E107-A006-456F-82C4-24030DFB09D1}.DebugLocal|x86.Build.0 = Debug|Any CPU
		{F2F1E107-A006-456F-82C4-24030DFB09D1}.NugetDistribution|Any CPU.ActiveCfg = Release|Any CPU
		{F2F1E107-A006-456F-82C4-24030DFB09D1}.NugetDistribution|Any CPU.Build.0 = Release|Any CPU
		{F2F1E107-A006-456F-82C4-24030DFB09D1}.NugetDistribution|x64.ActiveCfg = Release|Any CPU
		{F2F1E107-A006-456F-82C4-24030DFB09D1}.NugetDistribution|x64.Build.0 = Release|Any CPU
		{F2F1E107-A006-456F-82C4-24030DFB09D1}.NugetDistribution|x86.ActiveCfg = Release|Any CPU
		{F2F1E107-A006-456F-82C4-24030DFB09D1}.NugetDistribution|x86.Build.0 = Release|Any CPU
		{F2F1E107-A006-456F-82C4-24030DFB09D1}.Release|Any CPU.ActiveCfg = Release|Any CPU
		{F2F1E107-A006-456F-82C4-24030DFB09D1}.Release|Any CPU.Build.0 = Release|Any CPU
		{F2F1E107-A006-456F-82C4-24030DFB09D1}.Release|x64.ActiveCfg = Release|Any CPU
		{F2F1E107-A006-456F-82C4-24030DFB09D1}.Release|x64.Build.0 = Release|Any CPU
		{F2F1E107-A006-456F-82C4-24030DFB09D1}.Release|x86.ActiveCfg = Release|Any CPU
		{F2F1E107-A006-456F-82C4-24030DFB09D1}.Release|x86.Build.0 = Release|Any CPU
		{FD843770-9056-49AA-A0DC-7C9C295894AB}.Debug|Any CPU.ActiveCfg = Debug|Any CPU
		{FD843770-9056-49AA-A0DC-7C9C295894AB}.Debug|Any CPU.Build.0 = Debug|Any CPU
		{FD843770-9056-49AA-A0DC-7C9C295894AB}.Debug|x64.ActiveCfg = Debug|Any CPU
		{FD843770-9056-49AA-A0DC-7C9C295894AB}.Debug|x64.Build.0 = Debug|Any CPU
		{FD843770-9056-49AA-A0DC-7C9C295894AB}.Debug|x86.ActiveCfg = Debug|Any CPU
		{FD843770-9056-49AA-A0DC-7C9C295894AB}.Debug|x86.Build.0 = Debug|Any CPU
		{FD843770-9056-49AA-A0DC-7C9C295894AB}.DebugLocal|Any CPU.ActiveCfg = Debug|Any CPU
		{FD843770-9056-49AA-A0DC-7C9C295894AB}.DebugLocal|Any CPU.Build.0 = Debug|Any CPU
		{FD843770-9056-49AA-A0DC-7C9C295894AB}.DebugLocal|x64.ActiveCfg = Debug|Any CPU
		{FD843770-9056-49AA-A0DC-7C9C295894AB}.DebugLocal|x64.Build.0 = Debug|Any CPU
		{FD843770-9056-49AA-A0DC-7C9C295894AB}.DebugLocal|x86.ActiveCfg = Debug|Any CPU
		{FD843770-9056-49AA-A0DC-7C9C295894AB}.DebugLocal|x86.Build.0 = Debug|Any CPU
		{FD843770-9056-49AA-A0DC-7C9C295894AB}.NugetDistribution|Any CPU.ActiveCfg = Release|Any CPU
		{FD843770-9056-49AA-A0DC-7C9C295894AB}.NugetDistribution|Any CPU.Build.0 = Release|Any CPU
		{FD843770-9056-49AA-A0DC-7C9C295894AB}.NugetDistribution|x64.ActiveCfg = Release|Any CPU
		{FD843770-9056-49AA-A0DC-7C9C295894AB}.NugetDistribution|x64.Build.0 = Release|Any CPU
		{FD843770-9056-49AA-A0DC-7C9C295894AB}.NugetDistribution|x86.ActiveCfg = Release|Any CPU
		{FD843770-9056-49AA-A0DC-7C9C295894AB}.NugetDistribution|x86.Build.0 = Release|Any CPU
		{FD843770-9056-49AA-A0DC-7C9C295894AB}.Release|Any CPU.ActiveCfg = Release|Any CPU
		{FD843770-9056-49AA-A0DC-7C9C295894AB}.Release|Any CPU.Build.0 = Release|Any CPU
		{FD843770-9056-49AA-A0DC-7C9C295894AB}.Release|x64.ActiveCfg = Release|Any CPU
		{FD843770-9056-49AA-A0DC-7C9C295894AB}.Release|x64.Build.0 = Release|Any CPU
		{FD843770-9056-49AA-A0DC-7C9C295894AB}.Release|x86.ActiveCfg = Release|Any CPU
		{FD843770-9056-49AA-A0DC-7C9C295894AB}.Release|x86.Build.0 = Release|Any CPU
	EndGlobalSection
	GlobalSection(SolutionProperties) = preSolution
		HideSolutionNode = FALSE
	EndGlobalSection
	GlobalSection(NestedProjects) = preSolution
		{84243322-1B1E-4043-A961-A5F69FE37749} = {B99926C1-5A5B-4706-AD6A-2C55A6912487}
		{983F87FB-C880-4AFC-A3C6-966DC4DC1C04} = {B99926C1-5A5B-4706-AD6A-2C55A6912487}
		{CCD2181A-B0A2-4242-BA2D-5E01A54EBB95} = {6BA0E69A-81EF-4ECA-89EA-AEFC156B49AB}
		{4725BE4D-42D5-4E06-857D-4D53CDA814A7} = {B99926C1-5A5B-4706-AD6A-2C55A6912487}
		{5733367D-1195-4980-95A9-B8E46E1441B5} = {A1F0D1B1-2827-4692-A0C0-7BBA5BCC435E}
		{C8F823FD-D7B9-417D-AEB9-E8842B9D555C} = {6BA0E69A-81EF-4ECA-89EA-AEFC156B49AB}
		{9FF78AF3-B4F1-4B84-8E66-7493C8FD9C47} = {B91B268F-9ACC-43F6-BAE3-372E7FD1EF7F}
		{7B2178BB-0131-4495-93A8-17BF0BD881A3} = {D14DA4F0-3CB2-476B-93DD-97FD0C7285A3}
		{B8E91228-7801-48FD-A1E3-A7DF81198450} = {D14DA4F0-3CB2-476B-93DD-97FD0C7285A3}
		{6A41816F-15EF-48C1-A514-882E47F35200} = {D14DA4F0-3CB2-476B-93DD-97FD0C7285A3}
		{BEEBB669-6557-44A2-A453-0954E86A5045} = {A1F0D1B1-2827-4692-A0C0-7BBA5BCC435E}
		{F585E549-C421-460C-928F-E2BE038F78C0} = {6BA0E69A-81EF-4ECA-89EA-AEFC156B49AB}
		{D9C55271-E776-4BCA-8A23-69139AFE227F} = {A1F0D1B1-2827-4692-A0C0-7BBA5BCC435E}
		{F2F1E107-A006-456F-82C4-24030DFB09D1} = {B91B268F-9ACC-43F6-BAE3-372E7FD1EF7F}
		{FD843770-9056-49AA-A0DC-7C9C295894AB} = {6BA0E69A-81EF-4ECA-89EA-AEFC156B49AB}
	EndGlobalSection
EndGlobal
